
Microsoft Visual Studio Solution File, Format Version 10.00
# Visual Studio 2008
Project("{8BC9CEB8-8B4A-11D0-8D11-00A0C91BC942}") = "DlMonitorWrapper", "DlMonitorWrapper.vcproj", "{F16EEDA7-BCC0-4C01-9033-343EA8B919CD}"
EndProject
Global
	GlobalSection(SolutionConfigurationPlatforms) = preSolution
		Debug|Win32 = Debug|Win32
		Release|Win32 = Release|Win32
	EndGlobalSection
	GlobalSection(ProjectConfigurationPlatforms) = postSolution
		{F16EEDA7-BCC0-4C01-9033-343EA8B919CD}.Debug|Win32.ActiveCfg = Debug|Win32
		{F16EEDA7-BCC0-4C01-9033-343EA8B919CD}.Debug|Win32.Build.0 = Debug|Win32
		{F16EEDA7-BCC0-4C01-9033-343EA8B919CD}.Release|Win32.ActiveCfg = Release|Win32
		{F16EEDA7-BCC0-4C01-9033-343EA8B919CD}.Release|Win32.Build.0 = Release|Win32
	EndGlobalSection
	GlobalSection(SolutionProperties) = preSolution
		HideSolutionNode = FALSE
	EndGlobalSection
EndGlobal
