
Microsoft Visual Studio Solution File, Format Version 10.00
# Visual Studio 2008
Project("{FAE04EC0-301F-11D3-BF4B-00C04F79EFBC}") = "ConfiguracionPaletizado", "ConfiguracionPaletizado\ConfiguracionPaletizado.csproj", "{0F86AAE2-A899-4332-8024-58C0E93CB6BB}"
EndProject
Global
	GlobalSection(SolutionConfigurationPlatforms) = preSolution
		Debug|Any CPU = Debug|Any CPU
		Release|Any CPU = Release|Any CPU
	EndGlobalSection
	GlobalSection(ProjectConfigurationPlatforms) = postSolution
		{0F86AAE2-A899-4332-8024-58C0E93CB6BB}.Debug|Any CPU.ActiveCfg = Debug|Any CPU
		{0F86AAE2-A899-4332-8024-58C0E93CB6BB}.Debug|Any CPU.Build.0 = Debug|Any CPU
		{0F86AAE2-A899-4332-8024-58C0E93CB6BB}.Release|Any CPU.ActiveCfg = Release|Any CPU
		{0F86AAE2-A899-4332-8024-58C0E93CB6BB}.Release|Any CPU.Build.0 = Release|Any CPU
	EndGlobalSection
	GlobalSection(SolutionProperties) = preSolution
		HideSolutionNode = FALSE
	EndGlobalSection
EndGlobal
